PODS:
  - fc_native_image_resize (0.0.1):
    - Flutter
    - FlutterMacOS
  - Flutter (1.0.0)

DEPENDENCIES:
  - fc_native_image_resize (from `.symlinks/plugins/fc_native_image_resize/darwin`)
  - Flutter (from `Flutter`)

EXTERNAL SOURCES:
  fc_native_image_resize:
    :path: ".symlinks/plugins/fc_native_image_resize/darwin"
  Flutter:
    :path: Flutter

SPEC CHECKSUMS:
  fc_native_image_resize: e321e959f7051e85d2bb2796108584b83dda1d41
  Flutter: e0871f40cf51350855a761d2e70bf5af5b9b5de7

PODFILE CHECKSUM: 819463e6a0290f5a72f145ba7cde16e8b6ef0796

COCOAPODS: 1.16.2
