PODS:
  - fc_native_image_resize (0.0.1):
    - Flutter
    - FlutterMacOS
  - FlutterMacOS (1.0.0)

DEPENDENCIES:
  - fc_native_image_resize (from `Flutter/ephemeral/.symlinks/plugins/fc_native_image_resize/darwin`)
  - FlutterMacOS (from `Flutter/ephemeral`)

EXTERNAL SOURCES:
  fc_native_image_resize:
    :path: Flutter/ephemeral/.symlinks/plugins/fc_native_image_resize/darwin
  FlutterMacOS:
    :path: Flutter/ephemeral

SPEC CHECKSUMS:
  fc_native_image_resize: e321e959f7051e85d2bb2796108584b83dda1d41
  FlutterMacOS: 8f6f14fa908a6fb3fba0cd85dbd81ec4b251fb24

PODFILE CHECKSUM: 353c8bcc5d5b0994e508d035b5431cfe18c1dea7

COCOAPODS: 1.16.2
